github.com/ahmetalpbalkan/go-linq v3.0.0+incompatible h1:dIwn5yUE6BoMAytLGn3pz/WoRhOj2gepls7iyNRN4yY=
github.com/ahmetalpbalkan/go-linq v3.0.0+incompatible/go.mod h1:IBvGwXyZVvXuN8KIbGCK53k+fzCKOmAdYhobMdJXOck=
github.com/gorilla/mux v1.8.0 h1:i40aqfkR1h2SlN9hojwV5ZA91wcXFOvkdNIeFDP5koI=
github.com/gorilla/mux v1.8.0/go.mod h1:DVbg23sWSpFRCP0SfiEN6jmj59UnW/n46BH5rLB71So=
